
Microsoft Visual Studio Solution File, Format Version 12.00
# Visual Studio 15
VisualStudioVersion = 15.0.27703.2000
MinimumVisualStudioVersion = 10.0.40219.1
Project("{FAE04EC0-301F-11D3-BF4B-00C04F79EFBC}") = "gazugafan.RestStop", "gazugafan.RestStop\gazugafan.RestStop.csproj", "{08C3C082-EE6D-4BC2-9810-CC0094B7CFDC}"
EndProject
Project("{930C7802-8A8C-48F9-8165-68863BCCD9DD}") = "RestStopSetup", "RestStopSetup\RestStopSetup.wixproj", "{9E9106CB-BC30-4F6F-80E3-E4A27B385EF2}"
EndProject
Global
	GlobalSection(SolutionConfigurationPlatforms) = preSolution
		Debug|Any CPU = Debug|Any CPU
		Debug|x86 = Debug|x86
		Release|Any CPU = Release|Any CPU
		Release|x86 = Release|x86
	EndGlobalSection
	GlobalSection(ProjectConfigurationPlatforms) = postSolution
		{08C3C082-EE6D-4BC2-9810-CC0094B7CFDC}.Debug|Any CPU.ActiveCfg = Debug|Any CPU
		{08C3C082-EE6D-4BC2-9810-CC0094B7CFDC}.Debug|Any CPU.Build.0 = Debug|Any CPU
		{08C3C082-EE6D-4BC2-9810-CC0094B7CFDC}.Debug|x86.ActiveCfg = Debug|Any CPU
		{08C3C082-EE6D-4BC2-9810-CC0094B7CFDC}.Debug|x86.Build.0 = Debug|Any CPU
		{08C3C082-EE6D-4BC2-9810-CC0094B7CFDC}.Release|Any CPU.ActiveCfg = Release|Any CPU
		{08C3C082-EE6D-4BC2-9810-CC0094B7CFDC}.Release|Any CPU.Build.0 = Release|Any CPU
		{08C3C082-EE6D-4BC2-9810-CC0094B7CFDC}.Release|x86.ActiveCfg = Release|Any CPU
		{08C3C082-EE6D-4BC2-9810-CC0094B7CFDC}.Release|x86.Build.0 = Release|Any CPU
		{9E9106CB-BC30-4F6F-80E3-E4A27B385EF2}.Debug|Any CPU.ActiveCfg = Debug|x86
		{9E9106CB-BC30-4F6F-80E3-E4A27B385EF2}.Debug|x86.ActiveCfg = Debug|x86
		{9E9106CB-BC30-4F6F-80E3-E4A27B385EF2}.Debug|x86.Build.0 = Debug|x86
		{9E9106CB-BC30-4F6F-80E3-E4A27B385EF2}.Release|Any CPU.ActiveCfg = Release|x86
		{9E9106CB-BC30-4F6F-80E3-E4A27B385EF2}.Release|x86.ActiveCfg = Release|x86
		{9E9106CB-BC30-4F6F-80E3-E4A27B385EF2}.Release|x86.Build.0 = Release|x86
	EndGlobalSection
	GlobalSection(SolutionProperties) = preSolution
		HideSolutionNode = FALSE
	EndGlobalSection
	GlobalSection(ExtensibilityGlobals) = postSolution
		SolutionGuid = {95A3F563-752D-4A78-8EE4-CD11E8184EE2}
	EndGlobalSection
EndGlobal
